
Microsoft Visual Studio Solution File, Format Version 12.00
# Visual Studio Version 17
VisualStudioVersion = 17.11.35431.28
MinimumVisualStudioVersion = 10.0.40219.1
Project("{FAE04EC0-301F-11D3-BF4B-00C04F79EFBC}") = "MassMailingPaaSOnPremConnector", "MassMailingPaaSOnPremConnector.csproj", "{FC349F32-64AF-4206-8D1A-1C91632348B6}"
EndProject
Global
	GlobalSection(SolutionConfigurationPlatforms) = preSolution
		Debug|Any CPU = Debug|Any CPU
		Release|Any CPU = Release|Any CPU
	EndGlobalSection
	GlobalSection(ProjectConfigurationPlatforms) = postSolution
		{FC349F32-64AF-4206-8D1A-1C91632348B6}.Debug|Any CPU.ActiveCfg = Release|Any CPU
		{FC349F32-64AF-4206-8D1A-1C91632348B6}.Debug|Any CPU.Build.0 = Release|Any CPU
		{FC349F32-64AF-4206-8D1A-1C91632348B6}.Release|Any CPU.ActiveCfg = Release|Any CPU
		{FC349F32-64AF-4206-8D1A-1C91632348B6}.Release|Any CPU.Build.0 = Release|Any CPU
	EndGlobalSection
	GlobalSection(SolutionProperties) = preSolution
		HideSolutionNode = FALSE
	EndGlobalSection
	GlobalSection(ExtensibilityGlobals) = postSolution
		SolutionGuid = {B507D803-BFB4-458F-978F-62E530013FEC}
	EndGlobalSection
EndGlobal
